
Microsoft Visual Studio Solution File, Format Version 12.00
# Visual Studio Version 17
VisualStudioVersion = 17.3.32901.215
MinimumVisualStudioVersion = 10.0.40219.1
Project("{54A90642-561A-4BB1-A94E-469ADEE60C69}") = "animal-age-converter-frontEnd", "animal-age-converter\animal-age-converter-frontEnd.esproj", "{81E11893-4DB5-465C-8F9E-AEC3613960F7}"
EndProject
Project("{FAE04EC0-301F-11D3-BF4B-00C04F79EFBC}") = "animal-age-converter-backEnd", "animal-age-converter-backEnd\animal-age-converter-backEnd.csproj", "{F1636012-0652-4475-A5DD-768EE87EF416}"
EndProject
Global
	GlobalSection(SolutionConfigurationPlatforms) = preSolution
		Debug|Any CPU = Debug|Any CPU
		Release|Any CPU = Release|Any CPU
	EndGlobalSection
	GlobalSection(ProjectConfigurationPlatforms) = postSolution
		{81E11893-4DB5-465C-8F9E-AEC3613960F7}.Debug|Any CPU.ActiveCfg = Debug|Any CPU
		{81E11893-4DB5-465C-8F9E-AEC3613960F7}.Debug|Any CPU.Build.0 = Debug|Any CPU
		{81E11893-4DB5-465C-8F9E-AEC3613960F7}.Debug|Any CPU.Deploy.0 = Debug|Any CPU
		{81E11893-4DB5-465C-8F9E-AEC3613960F7}.Release|Any CPU.ActiveCfg = Release|Any CPU
		{81E11893-4DB5-465C-8F9E-AEC3613960F7}.Release|Any CPU.Build.0 = Release|Any CPU
		{81E11893-4DB5-465C-8F9E-AEC3613960F7}.Release|Any CPU.Deploy.0 = Release|Any CPU
		{F1636012-0652-4475-A5DD-768EE87EF416}.Debug|Any CPU.ActiveCfg = Debug|Any CPU
		{F1636012-0652-4475-A5DD-768EE87EF416}.Debug|Any CPU.Build.0 = Debug|Any CPU
		{F1636012-0652-4475-A5DD-768EE87EF416}.Release|Any CPU.ActiveCfg = Release|Any CPU
		{F1636012-0652-4475-A5DD-768EE87EF416}.Release|Any CPU.Build.0 = Release|Any CPU
	EndGlobalSection
	GlobalSection(SolutionProperties) = preSolution
		HideSolutionNode = FALSE
	EndGlobalSection
	GlobalSection(ExtensibilityGlobals) = postSolution
		SolutionGuid = {AB74F3E1-BA23-4DE8-A4F1-865A81020AE5}
	EndGlobalSection
EndGlobal
