
Microsoft Visual Studio Solution File, Format Version 12.00
# Visual Studio Version 17
VisualStudioVersion = 17.3.32929.385
MinimumVisualStudioVersion = 10.0.40219.1
Project("{54A90642-561A-4BB1-A94E-469ADEE60C69}") = "animal-age-converter-frontEnd", "animal-age-converter-frontend\animal-age-converter-frontEnd.esproj", "{185EE428-B4E4-43E5-9652-00225365B6FF}"
EndProject
Project("{9A19103F-16F7-4668-BE54-9A1E7A4F7556}") = "animal-age-converter-backEnd", "animal-age-converter-backend\animal-age-converter-backEnd.csproj", "{4B77253E-6345-4051-992A-A4019071A5C0}"
EndProject
Global
	GlobalSection(SolutionConfigurationPlatforms) = preSolution
		Debug|Any CPU = Debug|Any CPU
		Release|Any CPU = Release|Any CPU
	EndGlobalSection
	GlobalSection(ProjectConfigurationPlatforms) = postSolution
		{185EE428-B4E4-43E5-9652-00225365B6FF}.Debug|Any CPU.ActiveCfg = Debug|Any CPU
		{185EE428-B4E4-43E5-9652-00225365B6FF}.Debug|Any CPU.Build.0 = Debug|Any CPU
		{185EE428-B4E4-43E5-9652-00225365B6FF}.Debug|Any CPU.Deploy.0 = Debug|Any CPU
		{185EE428-B4E4-43E5-9652-00225365B6FF}.Release|Any CPU.ActiveCfg = Release|Any CPU
		{185EE428-B4E4-43E5-9652-00225365B6FF}.Release|Any CPU.Build.0 = Release|Any CPU
		{185EE428-B4E4-43E5-9652-00225365B6FF}.Release|Any CPU.Deploy.0 = Release|Any CPU
		{4B77253E-6345-4051-992A-A4019071A5C0}.Debug|Any CPU.ActiveCfg = Debug|Any CPU
		{4B77253E-6345-4051-992A-A4019071A5C0}.Debug|Any CPU.Build.0 = Debug|Any CPU
		{4B77253E-6345-4051-992A-A4019071A5C0}.Release|Any CPU.ActiveCfg = Release|Any CPU
		{4B77253E-6345-4051-992A-A4019071A5C0}.Release|Any CPU.Build.0 = Release|Any CPU
	EndGlobalSection
	GlobalSection(SolutionProperties) = preSolution
		HideSolutionNode = FALSE
	EndGlobalSection
	GlobalSection(ExtensibilityGlobals) = postSolution
		SolutionGuid = {FFDFB6C2-CE35-4DB9-A5F6-27FF98005F7B}
	EndGlobalSection
EndGlobal
